
Microsoft Visual Studio Solution File, Format Version 12.00
# Visual Studio Version 17
VisualStudioVersion = 17.14.36127.28 d17.14
MinimumVisualStudioVersion = 10.0.40219.1
Project("{FAE04EC0-301F-11D3-BF4B-00C04F79EFBC}") = "Lista3Ex13", "Lista3Ex13\Lista3Ex13.csproj", "{B2D22BC1-6294-42EC-9413-5A81BCA532B4}"
EndProject
Global
	GlobalSection(SolutionConfigurationPlatforms) = preSolution
		Debug|Any CPU = Debug|Any CPU
		Release|Any CPU = Release|Any CPU
	EndGlobalSection
	GlobalSection(ProjectConfigurationPlatforms) = postSolution
		{B2D22BC1-6294-42EC-9413-5A81BCA532B4}.Debug|Any CPU.ActiveCfg = Debug|Any CPU
		{B2D22BC1-6294-42EC-9413-5A81BCA532B4}.Debug|Any CPU.Build.0 = Debug|Any CPU
		{B2D22BC1-6294-42EC-9413-5A81BCA532B4}.Release|Any CPU.ActiveCfg = Release|Any CPU
		{B2D22BC1-6294-42EC-9413-5A81BCA532B4}.Release|Any CPU.Build.0 = Release|Any CPU
	EndGlobalSection
	GlobalSection(SolutionProperties) = preSolution
		HideSolutionNode = FALSE
	EndGlobalSection
	GlobalSection(ExtensibilityGlobals) = postSolution
		SolutionGuid = {593ADCC8-C9D8-420E-8EF7-143F12B3A203}
	EndGlobalSection
EndGlobal
